
Microsoft Visual Studio Solution File, Format Version 12.00
# Visual Studio Version 17
VisualStudioVersion = 17.13.35825.156
MinimumVisualStudioVersion = 10.0.40219.1
Project("{FAE04EC0-301F-11D3-BF4B-00C04F79EFBC}") = "EjemploClases", "EjemploClases\EjemploClases.csproj", "{20694DCB-B3F1-44B8-B913-9B9032D06EF5}"
EndProject
Project("{FAE04EC0-301F-11D3-BF4B-00C04F79EFBC}") = "Ejecución", "Ejecución\Ejecución.csproj", "{37450DEA-F0FC-4F92-9481-CE785DE67885}"
EndProject
Global
	GlobalSection(SolutionConfigurationPlatforms) = preSolution
		Debug|Any CPU = Debug|Any CPU
		Release|Any CPU = Release|Any CPU
	EndGlobalSection
	GlobalSection(ProjectConfigurationPlatforms) = postSolution
		{20694DCB-B3F1-44B8-B913-9B9032D06EF5}.Debug|Any CPU.ActiveCfg = Debug|Any CPU
		{20694DCB-B3F1-44B8-B913-9B9032D06EF5}.Debug|Any CPU.Build.0 = Debug|Any CPU
		{20694DCB-B3F1-44B8-B913-9B9032D06EF5}.Release|Any CPU.ActiveCfg = Release|Any CPU
		{20694DCB-B3F1-44B8-B913-9B9032D06EF5}.Release|Any CPU.Build.0 = Release|Any CPU
		{37450DEA-F0FC-4F92-9481-CE785DE67885}.Debug|Any CPU.ActiveCfg = Debug|Any CPU
		{37450DEA-F0FC-4F92-9481-CE785DE67885}.Debug|Any CPU.Build.0 = Debug|Any CPU
		{37450DEA-F0FC-4F92-9481-CE785DE67885}.Release|Any CPU.ActiveCfg = Release|Any CPU
		{37450DEA-F0FC-4F92-9481-CE785DE67885}.Release|Any CPU.Build.0 = Release|Any CPU
	EndGlobalSection
	GlobalSection(SolutionProperties) = preSolution
		HideSolutionNode = FALSE
	EndGlobalSection
	GlobalSection(ExtensibilityGlobals) = postSolution
		SolutionGuid = {1EDE0B74-F63A-478A-AD41-61DE475C0338}
	EndGlobalSection
EndGlobal
